{
  "originHash" : "0376acae02fe3b71636b16ad89ae7a7e7e473153d155e0c4e95fa24b4b9c0aa7",
  "pins" : [
    {
      "identity" : "swiftyjson",
      "kind" : "remoteSourceControl",
      "location" : "https://github.com/SwiftyJSON/SwiftyJSON.git",
      "state" : {
        "revision" : "af76cf3ef710b6ca5f8c05f3a31307d44a3c5828",
        "version" : "5.0.2"
      }
    }
  ],
  "version" : 3
}
